
Microsoft Visual Studio Solution File, Format Version 12.00
# Visual Studio Version 16
VisualStudioVersion = 16.0.33130.400
MinimumVisualStudioVersion = 10.0.40219.1
Project("{FAE04EC0-301F-11D3-BF4B-00C04F79EFBC}") = "WebApplication7", "WebApplication7\WebApplication7.csproj", "{80525E69-D6D1-479D-A937-AE651B568B43}"
EndProject
Global
	GlobalSection(SolutionConfigurationPlatforms) = preSolution
		Debug|Any CPU = Debug|Any CPU
		Release|Any CPU = Release|Any CPU
	EndGlobalSection
	GlobalSection(ProjectConfigurationPlatforms) = postSolution
		{80525E69-D6D1-479D-A937-AE651B568B43}.Debug|Any CPU.ActiveCfg = Debug|Any CPU
		{80525E69-D6D1-479D-A937-AE651B568B43}.Debug|Any CPU.Build.0 = Debug|Any CPU
		{80525E69-D6D1-479D-A937-AE651B568B43}.Release|Any CPU.ActiveCfg = Release|Any CPU
		{80525E69-D6D1-479D-A937-AE651B568B43}.Release|Any CPU.Build.0 = Release|Any CPU
	EndGlobalSection
	GlobalSection(SolutionProperties) = preSolution
		HideSolutionNode = FALSE
	EndGlobalSection
	GlobalSection(ExtensibilityGlobals) = postSolution
		SolutionGuid = {BE0EC747-C91E-4867-9213-4342CEE3E34C}
	EndGlobalSection
EndGlobal
